// !$*UTF8*$!
{
	archiveVersion = 1;
	classes = {
	};
	objectVersion = 46;
	objects = {

/* Begin PBXBuildFile section */
		C9833E9E1BBD826F00FE568E /* AboutViewController.swift in Sources */ = {isa = PBXBuildFile; fileRef = C9833E9D1BBD826F00FE568E /* AboutViewController.swift */; settings = {ASSET_TAGS = (); }; };
		C996BDDF1BBDCAFC0030C7D4 /* BullsEye.html in Resources */ = {isa = PBXBuildFile; fileRef = C996BDDE1BBDCAFC0030C7D4 /* BullsEye.html */; settings = {ASSET_TAGS = (); }; };
		C996BDEA1BBF061A0030C7D4 /* Default-568h@2x.png in Resources */ = {isa = PBXBuildFile; fileRef = C996BDE81BBF061A0030C7D4 /* Default-568h@2x.png */; settings = {ASSET_TAGS = (); }; };
		C996BDEB1BBF061A0030C7D4 /* Default@2x.png in Resources */ = {isa = PBXBuildFile; fileRef = C996BDE91BBF061A0030C7D4 /* Default@2x.png */; settings = {ASSET_TAGS = (); }; };
		C9DBD8CC1BAB0D9300D55AD3 /* AppDelegate.swift in Sources */ = {isa = PBXBuildFile; fileRef = C9DBD8CB1BAB0D9300D55AD3 /* AppDelegate.swift */; };
		C9DBD8CE1BAB0D9300D55AD3 /* ViewController.swift in Sources */ = {isa = PBXBuildFile; fileRef = C9DBD8CD1BAB0D9300D55AD3 /* ViewController.swift */; };
		C9DBD8D11BAB0D9300D55AD3 /* Main.storyboard in Resources */ = {isa = PBXBuildFile; fileRef = C9DBD8CF1BAB0D9300D55AD3 /* Main.storyboard */; };
		C9DBD8D31BAB0D9300D55AD3 /* Assets.xcassets in Resources */ = {isa = PBXBuildFile; fileRef = C9DBD8D21BAB0D9300D55AD3 /* Assets.xcassets */; };
/* End PBXBuildFile section */

/* Begin PBXFileReference section */
		C9833E9D1BBD826F00FE568E /* AboutViewController.swift */ = {isa = PBXFileReference; fileEncoding = 4; lastKnownFileType = sourcecode.swift; path = AboutViewController.swift; sourceTree = "<group>"; };
		C996BDDE1BBDCAFC0030C7D4 /* BullsEye.html */ = {isa = PBXFileReference; fileEncoding = 4; lastKnownFileType = text.html; path = BullsEye.html; sourceTree = "<group>"; };
		C996BDE81BBF061A0030C7D4 /* Default-568h@2x.png */ = {isa = PBXFileReference; lastKnownFileType = image.png; path = "Default-568h@2x.png"; sourceTree = "<group>"; };
		C996BDE91BBF061A0030C7D4 /* Default@2x.png */ = {isa = PBXFileReference; lastKnownFileType = image.png; path = "Default@2x.png"; sourceTree = "<group>"; };
		C9DBD8C81BAB0D9300D55AD3 /* BullsEye.app */ = {isa = PBXFileReference; explicitFileType = wrapper.application; includeInIndex = 0; path = BullsEye.app; sourceTree = BUILT_PRODUCTS_DIR; };
		C9DBD8CB1BAB0D9300D55AD3 /* AppDelegate.swift */ = {isa = PBXFileReference; lastKnownFileType = sourcecode.swift; path = AppDelegate.swift; sourceTree = "<group>"; };
		C9DBD8CD1BAB0D9300D55AD3 /* ViewController.swift */ = {isa = PBXFileReference; lastKnownFileType = sourcecode.swift; path = ViewController.swift; sourceTree = "<group>"; };
		C9DBD8D01BAB0D9300D55AD3 /* Base */ = {isa = PBXFileReference; lastKnownFileType = file.storyboard; name = Base; path = Base.lproj/Main.storyboard; sourceTree = "<group>"; };
		C9DBD8D21BAB0D9300D55AD3 /* Assets.xcassets */ = {isa = PBXFileReference; lastKnownFileType = folder.assetcatalog; path = Assets.xcassets; sourceTree = "<group>"; };
		C9DBD8D71BAB0D9300D55AD3 /* Info.plist */ = {isa = PBXFileReference; lastKnownFileType = text.plist.xml; path = Info.plist; sourceTree = "<group>"; };
/* End PBXFileReference section */

/* Begin PBXFrameworksBuildPhase section */
		C9DBD8C51BAB0D9300D55AD3 /* Frameworks */ = {
			isa = PBXFrameworksBuildPhase;
			buildActionMask = 2147483647;
			files = (
			);
			runOnlyForDeploymentPostprocessing = 0;
		};
/* End PBXFrameworksBuildPhase section */

/* Begin PBXGroup section */
		C9DBD8BF1BAB0D9300D55AD3 = {
			isa = PBXGroup;
			children = (
				C9DBD8CA1BAB0D9300D55AD3 /* BullsEye */,
				C9DBD8C91BAB0D9300D55AD3 /* Products */,
			);
			sourceTree = "<group>";
		};
		C9DBD8C91BAB0D9300D55AD3 /* Products */ = {
			isa = PBXGroup;
			children = (
				C9DBD8C81BAB0D9300D55AD3 /* BullsEye.app */,
			);
			name = Products;
			sourceTree = "<group>";
		};
		C9DBD8CA1BAB0D9300D55AD3 /* BullsEye */ = {
			isa = PBXGroup;
			children = (
				C996BDE81BBF061A0030C7D4 /* Default-568h@2x.png */,
				C996BDE91BBF061A0030C7D4 /* Default@2x.png */,
				C996BDDE1BBDCAFC0030C7D4 /* BullsEye.html */,
				C9DBD8CB1BAB0D9300D55AD3 /* AppDelegate.swift */,
				C9DBD8CD1BAB0D9300D55AD3 /* ViewController.swift */,
				C9DBD8CF1BAB0D9300D55AD3 /* Main.storyboard */,
				C9833E9D1BBD826F00FE568E /* AboutViewController.swift */,
				C9DBD8D21BAB0D9300D55AD3 /* Assets.xcassets */,
				C9DBD8D71BAB0D9300D55AD3 /* Info.plist */,
			);
			path = BullsEye;
			sourceTree = "<group>";
		};
/* End PBXGroup section */

/* Begin PBXNativeTarget section */
		C9DBD8C71BAB0D9300D55AD3 /* BullsEye */ = {
			isa = PBXNativeTarget;
			buildConfigurationList = C9DBD8DA1BAB0D9300D55AD3 /* Build configuration list for PBXNativeTarget "BullsEye" */;
			buildPhases = (
				C9DBD8C41BAB0D9300D55AD3 /* Sources */,
				C9DBD8C51BAB0D9300D55AD3 /* Frameworks */,
				C9DBD8C61BAB0D9300D55AD3 /* Resources */,
			);
			buildRules = (
			);
			dependencies = (
			);
			name = BullsEye;
			productName = BullsEye;
			productReference = C9DBD8C81BAB0D9300D55AD3 /* BullsEye.app */;
			productType = "com.apple.product-type.application";
		};
/* End PBXNativeTarget section */

/* Begin PBXProject section */
		C9DBD8C01BAB0D9300D55AD3 /* Project object */ = {
			isa = PBXProject;
			attributes = {
				LastUpgradeCheck = 0700;
				ORGANIZATIONNAME = "Nathan Stilwell";
				TargetAttributes = {
					C9DBD8C71BAB0D9300D55AD3 = {
						CreatedOnToolsVersion = 7.0;
					};
				};
			};
			buildConfigurationList = C9DBD8C31BAB0D9300D55AD3 /* Build configuration list for PBXProject "BullsEye" */;
			compatibilityVersion = "Xcode 3.2";
			developmentRegion = English;
			hasScannedForEncodings = 0;
			knownRegions = (
				en,
				Base,
			);
			mainGroup = C9DBD8BF1BAB0D9300D55AD3;
			productRefGroup = C9DBD8C91BAB0D9300D55AD3 /* Products */;
			projectDirPath = "";
			projectRoot = "";
			targets = (
				C9DBD8C71BAB0D9300D55AD3 /* BullsEye */,
			);
		};
/* End PBXProject section */

/* Begin PBXResourcesBuildPhase section */
		C9DBD8C61BAB0D9300D55AD3 /* Resources */ = {
			isa = PBXResourcesBuildPhase;
			buildActionMask = 2147483647;
			files = (
				C996BDDF1BBDCAFC0030C7D4 /* BullsEye.html in Resources */,
				C996BDEA1BBF061A0030C7D4 /* Default-568h@2x.png in Resources */,
				C996BDEB1BBF061A0030C7D4 /* Default@2x.png in Resources */,
				C9DBD8D31BAB0D9300D55AD3 /* Assets.xcassets in Resources */,
				C9DBD8D11BAB0D9300D55AD3 /* Main.storyboard in Resources */,
			);
			runOnlyForDeploymentPostprocessing = 0;
		};
/* End PBXResourcesBuildPhase section */

/* Begin PBXSourcesBuildPhase section */
		C9DBD8C41BAB0D9300D55AD3 /* Sources */ = {
			isa = PBXSourcesBuildPhase;
			buildActionMask = 2147483647;
			files = (
				C9833E9E1BBD826F00FE568E /* AboutViewController.swift in Sources */,
				C9DBD8CE1BAB0D9300D55AD3 /* ViewController.swift in Sources */,
				C9DBD8CC1BAB0D9300D55AD3 /* AppDelegate.swift in Sources */,
			);
			runOnlyForDeploymentPostprocessing = 0;
		};
/* End PBXSourcesBuildPhase section */

/* Begin PBXVariantGroup section */
		C9DBD8CF1BAB0D9300D55AD3 /* Main.storyboard */ = {
			isa = PBXVariantGroup;
			children = (
				C9DBD8D01BAB0D9300D55AD3 /* Base */,
			);
			name = Main.storyboard;
			sourceTree = "<group>";
		};
/* End PBXVariantGroup section */

/* Begin XCBuildConfiguration section */
		C9DBD8D81BAB0D9300D55AD3 /* Debug */ = {
			isa = XCBuildConfiguration;
			buildSettings = {
				ALWAYS_SEARCH_USER_PATHS = NO;
				CLANG_CXX_LANGUAGE_STANDARD = "gnu++0x";
				CLANG_CXX_LIBRARY = "libc++";
				CLANG_ENABLE_MODULES = YES;
				CLANG_ENABLE_OBJC_ARC = YES;
				CLANG_WARN_BOOL_CONVERSION = YES;
				CLANG_WARN_CONSTANT_CONVERSION = YES;
				CLANG_WARN_DIRECT_OBJC_ISA_USAGE = YES_ERROR;
				CLANG_WARN_EMPTY_BODY = YES;
				CLANG_WARN_ENUM_CONVERSION = YES;
				CLANG_WARN_INT_CONVERSION = YES;
				CLANG_WARN_OBJC_ROOT_CLASS = YES_ERROR;
				CLANG_WARN_UNREACHABLE_CODE = YES;
				CLANG_WARN__DUPLICATE_METHOD_MATCH = YES;
				"CODE_SIGN_IDENTITY[sdk=iphoneos*]" = "iPhone Developer";
				COPY_PHASE_STRIP = NO;
				DEBUG_INFORMATION_FORMAT = dwarf;
				ENABLE_STRICT_OBJC_MSGSEND = YES;
				ENABLE_TESTABILITY = YES;
				GCC_C_LANGUAGE_STANDARD = gnu99;
				GCC_DYNAMIC_NO_PIC = NO;
				GCC_NO_COMMON_BLOCKS = YES;
				GCC_OPTIMIZATION_LEVEL = 0;
				GCC_PREPROCESSOR_DEFINITIONS = (
					"DEBUG=1",
					"$(inherited)",
				);
				GCC_WARN_64_TO_32_BIT_CONVERSION = YES;
				GCC_WARN_ABOUT_RETURN_TYPE = YES_ERROR;
				GCC_WARN_UNDECLARED_SELECTOR = YES;
				GCC_WARN_UNINITIALIZED_AUTOS = YES_AGGRESSIVE;
				GCC_WARN_UNUSED_FUNCTION = YES;
				GCC_WARN_UNUSED_VARIABLE = YES;
				IPHONEOS_DEPLOYMENT_TARGET = 9.0;
				MTL_ENABLE_DEBUG_INFO = YES;
				ONLY_ACTIVE_ARCH = YES;
				SDKROOT = iphoneos;
				SWIFT_OPTIMIZATION_LEVEL = "-Onone";
			};
			name = Debug;
		};
		C9DBD8D91BAB0D9300D55AD3 /* Release */ = {
			isa = XCBuildConfiguration;
			buildSettings = {
				ALWAYS_SEARCH_USER_PATHS = NO;
				CLANG_CXX_LANGUAGE_STANDARD = "gnu++0x";
				CLANG_CXX_LIBRARY = "libc++";
				CLANG_ENABLE_MODULES = YES;
				CLANG_ENABLE_OBJC_ARC = YES;
				CLANG_WARN_BOOL_CONVERSION = YES;
				CLANG_WARN_CONSTANT_CONVERSION = YES;
				CLANG_WARN_DIRECT_OBJC_ISA_USAGE = YES_ERROR;
				CLANG_WARN_EMPTY_BODY = YES;
				CLANG_WARN_ENUM_CONVERSION = YES;
				CLANG_WARN_INT_CONVERSION = YES;
				CLANG_WARN_OBJC_ROOT_CLASS = YES_ERROR;
				CLANG_WARN_UNREACHABLE_CODE = YES;
				CLANG_WARN__DUPLICATE_METHOD_MATCH = YES;
				"CODE_SIGN_IDENTITY[sdk=iphoneos*]" = "iPhone Developer";
				COPY_PHASE_STRIP = NO;
				DEBUG_INFORMATION_FORMAT = "dwarf-with-dsym";
				ENABLE_NS_ASSERTIONS = NO;
				ENABLE_STRICT_OBJC_MSGSEND = YES;
				GCC_C_LANGUAGE_STANDARD = gnu99;
				GCC_NO_COMMON_BLOCKS = YES;
				GCC_WARN_64_TO_32_BIT_CONVERSION = YES;
				GCC_WARN_ABOUT_RETURN_TYPE = YES_ERROR;
				GCC_WARN_UNDECLARED_SELECTOR = YES;
				GCC_WARN_UNINITIALIZED_AUTOS = YES_AGGRESSIVE;
				GCC_WARN_UNUSED_FUNCTION = YES;
				GCC_WARN_UNUSED_VARIABLE = YES;
				IPHONEOS_DEPLOYMENT_TARGET = 9.0;
				MTL_ENABLE_DEBUG_INFO = NO;
				SDKROOT = iphoneos;
				VALIDATE_PRODUCT = YES;
			};
			name = Release;
		};
		C9DBD8DB1BAB0D9300D55AD3 /* Debug */ = {
			isa = XCBuildConfiguration;
			buildSettings = {
				ASSETCATALOG_COMPILER_APPICON_NAME = AppIcon;
				INFOPLIST_FILE = BullsEye/Info.plist;
				LD_RUNPATH_SEARCH_PATHS = "$(inherited) @executable_path/Frameworks";
				PRODUCT_BUNDLE_IDENTIFIER = com.uprightnetizen.BullsEye;
				PRODUCT_NAME = "$(TARGET_NAME)";
			};
			name = Debug;
		};
		C9DBD8DC1BAB0D9300D55AD3 /* Release */ = {
			isa = XCBuildConfiguration;
			buildSettings = {
				ASSETCATALOG_COMPILER_APPICON_NAME = AppIcon;
				INFOPLIST_FILE = BullsEye/Info.plist;
				LD_RUNPATH_SEARCH_PATHS = "$(inherited) @executable_path/Frameworks";
				PRODUCT_BUNDLE_IDENTIFIER = com.uprightnetizen.BullsEye;
				PRODUCT_NAME = "$(TARGET_NAME)";
			};
			name = Release;
		};
/* End XCBuildConfiguration section */

/* Begin XCConfigurationList section */
		C9DBD8C31BAB0D9300D55AD3 /* Build configuration list for PBXProject "BullsEye" */ = {
			isa = XCConfigurationList;
			buildConfigurations = (
				C9DBD8D81BAB0D9300D55AD3 /* Debug */,
				C9DBD8D91BAB0D9300D55AD3 /* Release */,
			);
			defaultConfigurationIsVisible = 0;
			defaultConfigurationName = Release;
		};
		C9DBD8DA1BAB0D9300D55AD3 /* Build configuration list for PBXNativeTarget "BullsEye" */ = {
			isa = XCConfigurationList;
			buildConfigurations = (
				C9DBD8DB1BAB0D9300D55AD3 /* Debug */,
				C9DBD8DC1BAB0D9300D55AD3 /* Release */,
			);
			defaultConfigurationIsVisible = 0;
			defaultConfigurationName = Release;
		};
/* End XCConfigurationList section */
	};
	rootObject = C9DBD8C01BAB0D9300D55AD3 /* Project object */;
}
